
Microsoft Visual Studio Solution File, Format Version 12.00
# Visual Studio 2013
VisualStudioVersion = 12.0.21005.1
MinimumVisualStudioVersion = 10.0.40219.1
Project("{8BC9CEB8-8B4A-11D0-8D11-00A0C91BC942}") = "String Practice Questions - Q.4 (concatenate strings)", "String Practice Questions - Q.4 (concatenate strings)\String Practice Questions - Q.4 (concatenate strings).vcxproj", "{007316D9-DE61-4A23-B95D-35A8CF9D553B}"
EndProject
Global
	GlobalSection(SolutionConfigurationPlatforms) = preSolution
		Debug|Win32 = Debug|Win32
		Release|Win32 = Release|Win32
	EndGlobalSection
	GlobalSection(ProjectConfigurationPlatforms) = postSolution
		{007316D9-DE61-4A23-B95D-35A8CF9D553B}.Debug|Win32.ActiveCfg = Debug|Win32
		{007316D9-DE61-4A23-B95D-35A8CF9D553B}.Debug|Win32.Build.0 = Debug|Win32
		{007316D9-DE61-4A23-B95D-35A8CF9D553B}.Release|Win32.ActiveCfg = Release|Win32
		{007316D9-DE61-4A23-B95D-35A8CF9D553B}.Release|Win32.Build.0 = Release|Win32
	EndGlobalSection
	GlobalSection(SolutionProperties) = preSolution
		HideSolutionNode = FALSE
	EndGlobalSection
EndGlobal
