
Microsoft Visual Studio Solution File, Format Version 12.00
# Visual Studio 2013
VisualStudioVersion = 12.0.21005.1
MinimumVisualStudioVersion = 10.0.40219.1
Project("{8BC9CEB8-8B4A-11D0-8D11-00A0C91BC942}") = "Strings Practice Questions - Q.8 (reverse string)", "Strings Practice Questions - Q.8 (reverse string)\Strings Practice Questions - Q.8 (reverse string).vcxproj", "{2D70EF05-5C0D-40E9-9DCE-04C00C372866}"
EndProject
Global
	GlobalSection(SolutionConfigurationPlatforms) = preSolution
		Debug|Win32 = Debug|Win32
		Release|Win32 = Release|Win32
	EndGlobalSection
	GlobalSection(ProjectConfigurationPlatforms) = postSolution
		{2D70EF05-5C0D-40E9-9DCE-04C00C372866}.Debug|Win32.ActiveCfg = Debug|Win32
		{2D70EF05-5C0D-40E9-9DCE-04C00C372866}.Debug|Win32.Build.0 = Debug|Win32
		{2D70EF05-5C0D-40E9-9DCE-04C00C372866}.Release|Win32.ActiveCfg = Release|Win32
		{2D70EF05-5C0D-40E9-9DCE-04C00C372866}.Release|Win32.Build.0 = Release|Win32
	EndGlobalSection
	GlobalSection(SolutionProperties) = preSolution
		HideSolutionNode = FALSE
	EndGlobalSection
EndGlobal
